// !$*UTF8*$!
{
	archiveVersion = 1;
	classes = {
	};
	objectVersion = 48;
	objects = {

/* Begin PBXBuildFile section */
		A561BB1F1F7890D100695493 /* SaveAsViewController.swift in Sources */ = {isa = PBXBuildFile; fileRef = A561BB1E1F7890D100695493 /* SaveAsViewController.swift */; };
		A5D6C3DF1F6DFFDD0038A195 /* AppDelegate.swift in Sources */ = {isa = PBXBuildFile; fileRef = A5D6C3DE1F6DFFDD0038A195 /* AppDelegate.swift */; };
		A5D6C3E31F6DFFDD0038A195 /* Assets.xcassets in Resources */ = {isa = PBXBuildFile; fileRef = A5D6C3E21F6DFFDD0038A195 /* Assets.xcassets */; };
		A5D6C3E61F6DFFDD0038A195 /* Main.storyboard in Resources */ = {isa = PBXBuildFile; fileRef = A5D6C3E41F6DFFDD0038A195 /* Main.storyboard */; };
		A5D6C3EF1F6E013A0038A195 /* Tabs.swift in Sources */ = {isa = PBXBuildFile; fileRef = A5D6C3EE1F6E013A0038A195 /* Tabs.swift */; };
/* End PBXBuildFile section */

/* Begin PBXFileReference section */
		A561BB1E1F7890D100695493 /* SaveAsViewController.swift */ = {isa = PBXFileReference; lastKnownFileType = sourcecode.swift; path = SaveAsViewController.swift; sourceTree = "<group>"; };
		A5D6C3DB1F6DFFDD0038A195 /* TabSaver.app */ = {isa = PBXFileReference; explicitFileType = wrapper.application; includeInIndex = 0; path = TabSaver.app; sourceTree = BUILT_PRODUCTS_DIR; };
		A5D6C3DE1F6DFFDD0038A195 /* AppDelegate.swift */ = {isa = PBXFileReference; lastKnownFileType = sourcecode.swift; path = AppDelegate.swift; sourceTree = "<group>"; };
		A5D6C3E21F6DFFDD0038A195 /* Assets.xcassets */ = {isa = PBXFileReference; lastKnownFileType = folder.assetcatalog; path = Assets.xcassets; sourceTree = "<group>"; };
		A5D6C3E51F6DFFDD0038A195 /* Base */ = {isa = PBXFileReference; lastKnownFileType = file.storyboard; name = Base; path = Base.lproj/Main.storyboard; sourceTree = "<group>"; };
		A5D6C3E71F6DFFDD0038A195 /* Info.plist */ = {isa = PBXFileReference; lastKnownFileType = text.plist.xml; path = Info.plist; sourceTree = "<group>"; };
		A5D6C3E81F6DFFDD0038A195 /* TabSaver.entitlements */ = {isa = PBXFileReference; lastKnownFileType = text.plist.entitlements; path = TabSaver.entitlements; sourceTree = "<group>"; };
		A5D6C3EE1F6E013A0038A195 /* Tabs.swift */ = {isa = PBXFileReference; lastKnownFileType = sourcecode.swift; path = Tabs.swift; sourceTree = "<group>"; };
/* End PBXFileReference section */

/* Begin PBXFrameworksBuildPhase section */
		A5D6C3D81F6DFFDD0038A195 /* Frameworks */ = {
			isa = PBXFrameworksBuildPhase;
			buildActionMask = 2147483647;
			files = (
			);
			runOnlyForDeploymentPostprocessing = 0;
		};
/* End PBXFrameworksBuildPhase section */

/* Begin PBXGroup section */
		A5D6C3D21F6DFFDD0038A195 = {
			isa = PBXGroup;
			children = (
				A5D6C3DD1F6DFFDD0038A195 /* TabSaver */,
				A5D6C3DC1F6DFFDD0038A195 /* Products */,
			);
			sourceTree = "<group>";
		};
		A5D6C3DC1F6DFFDD0038A195 /* Products */ = {
			isa = PBXGroup;
			children = (
				A5D6C3DB1F6DFFDD0038A195 /* TabSaver.app */,
			);
			name = Products;
			sourceTree = "<group>";
		};
		A5D6C3DD1F6DFFDD0038A195 /* TabSaver */ = {
			isa = PBXGroup;
			children = (
				A5D6C3DE1F6DFFDD0038A195 /* AppDelegate.swift */,
				A5D6C3EE1F6E013A0038A195 /* Tabs.swift */,
				A561BB1E1F7890D100695493 /* SaveAsViewController.swift */,
				A5D6C3E21F6DFFDD0038A195 /* Assets.xcassets */,
				A5D6C3E41F6DFFDD0038A195 /* Main.storyboard */,
				A5D6C3E71F6DFFDD0038A195 /* Info.plist */,
				A5D6C3E81F6DFFDD0038A195 /* TabSaver.entitlements */,
			);
			path = TabSaver;
			sourceTree = "<group>";
		};
/* End PBXGroup section */

/* Begin PBXNativeTarget section */
		A5D6C3DA1F6DFFDD0038A195 /* TabSaver */ = {
			isa = PBXNativeTarget;
			buildConfigurationList = A5D6C3EB1F6DFFDD0038A195 /* Build configuration list for PBXNativeTarget "TabSaver" */;
			buildPhases = (
				A5D6C3D71F6DFFDD0038A195 /* Sources */,
				A5D6C3D81F6DFFDD0038A195 /* Frameworks */,
				A5D6C3D91F6DFFDD0038A195 /* Resources */,
			);
			buildRules = (
			);
			dependencies = (
			);
			name = TabSaver;
			productName = TabSaver;
			productReference = A5D6C3DB1F6DFFDD0038A195 /* TabSaver.app */;
			productType = "com.apple.product-type.application";
		};
/* End PBXNativeTarget section */

/* Begin PBXProject section */
		A5D6C3D31F6DFFDD0038A195 /* Project object */ = {
			isa = PBXProject;
			attributes = {
				LastSwiftUpdateCheck = 0900;
				LastUpgradeCheck = 0900;
				ORGANIZATIONNAME = "Hyunchel Kim";
				TargetAttributes = {
					A5D6C3DA1F6DFFDD0038A195 = {
						CreatedOnToolsVersion = 9.0;
						SystemCapabilities = {
							com.apple.Sandbox = {
								enabled = 0;
							};
						};
					};
				};
			};
			buildConfigurationList = A5D6C3D61F6DFFDD0038A195 /* Build configuration list for PBXProject "TabSaver" */;
			compatibilityVersion = "Xcode 8.0";
			developmentRegion = en;
			hasScannedForEncodings = 0;
			knownRegions = (
				en,
				Base,
			);
			mainGroup = A5D6C3D21F6DFFDD0038A195;
			productRefGroup = A5D6C3DC1F6DFFDD0038A195 /* Products */;
			projectDirPath = "";
			projectRoot = "";
			targets = (
				A5D6C3DA1F6DFFDD0038A195 /* TabSaver */,
			);
		};
/* End PBXProject section */

/* Begin PBXResourcesBuildPhase section */
		A5D6C3D91F6DFFDD0038A195 /* Resources */ = {
			isa = PBXResourcesBuildPhase;
			buildActionMask = 2147483647;
			files = (
				A5D6C3E31F6DFFDD0038A195 /* Assets.xcassets in Resources */,
				A5D6C3E61F6DFFDD0038A195 /* Main.storyboard in Resources */,
			);
			runOnlyForDeploymentPostprocessing = 0;
		};
/* End PBXResourcesBuildPhase section */

/* Begin PBXSourcesBuildPhase section */
		A5D6C3D71F6DFFDD0038A195 /* Sources */ = {
			isa = PBXSourcesBuildPhase;
			buildActionMask = 2147483647;
			files = (
				A561BB1F1F7890D100695493 /* SaveAsViewController.swift in Sources */,
				A5D6C3DF1F6DFFDD0038A195 /* AppDelegate.swift in Sources */,
				A5D6C3EF1F6E013A0038A195 /* Tabs.swift in Sources */,
			);
			runOnlyForDeploymentPostprocessing = 0;
		};
/* End PBXSourcesBuildPhase section */

/* Begin PBXVariantGroup section */
		A5D6C3E41F6DFFDD0038A195 /* Main.storyboard */ = {
			isa = PBXVariantGroup;
			children = (
				A5D6C3E51F6DFFDD0038A195 /* Base */,
			);
			name = Main.storyboard;
			sourceTree = "<group>";
		};
/* End PBXVariantGroup section */

/* Begin XCBuildConfiguration section */
		A5D6C3E91F6DFFDD0038A195 /* Debug */ = {
			isa = XCBuildConfiguration;
			buildSettings = {
				ALWAYS_SEARCH_USER_PATHS = NO;
				CLANG_ANALYZER_NONNULL = YES;
				CLANG_ANALYZER_NUMBER_OBJECT_CONVERSION = YES_AGGRESSIVE;
				CLANG_CXX_LANGUAGE_STANDARD = "gnu++14";
				CLANG_CXX_LIBRARY = "libc++";
				CLANG_ENABLE_MODULES = YES;
				CLANG_ENABLE_OBJC_ARC = YES;
				CLANG_WARN_BLOCK_CAPTURE_AUTORELEASING = YES;
				CLANG_WARN_BOOL_CONVERSION = YES;
				CLANG_WARN_COMMA = YES;
				CLANG_WARN_CONSTANT_CONVERSION = YES;
				CLANG_WARN_DIRECT_OBJC_ISA_USAGE = YES_ERROR;
				CLANG_WARN_DOCUMENTATION_COMMENTS = YES;
				CLANG_WARN_EMPTY_BODY = YES;
				CLANG_WARN_ENUM_CONVERSION = YES;
				CLANG_WARN_INFINITE_RECURSION = YES;
				CLANG_WARN_INT_CONVERSION = YES;
				CLANG_WARN_NON_LITERAL_NULL_CONVERSION = YES;
				CLANG_WARN_OBJC_LITERAL_CONVERSION = YES;
				CLANG_WARN_OBJC_ROOT_CLASS = YES_ERROR;
				CLANG_WARN_RANGE_LOOP_ANALYSIS = YES;
				CLANG_WARN_STRICT_PROTOTYPES = YES;
				CLANG_WARN_SUSPICIOUS_MOVE = YES;
				CLANG_WARN_UNGUARDED_AVAILABILITY = YES_AGGRESSIVE;
				CLANG_WARN_UNREACHABLE_CODE = YES;
				CLANG_WARN__DUPLICATE_METHOD_MATCH = YES;
				CODE_SIGN_IDENTITY = "Mac Developer";
				COPY_PHASE_STRIP = NO;
				DEBUG_INFORMATION_FORMAT = dwarf;
				ENABLE_STRICT_OBJC_MSGSEND = YES;
				ENABLE_TESTABILITY = YES;
				GCC_C_LANGUAGE_STANDARD = gnu11;
				GCC_DYNAMIC_NO_PIC = NO;
				GCC_NO_COMMON_BLOCKS = YES;
				GCC_OPTIMIZATION_LEVEL = 0;
				GCC_PREPROCESSOR_DEFINITIONS = (
					"DEBUG=1",
					"$(inherited)",
				);
				GCC_WARN_64_TO_32_BIT_CONVERSION = YES;
				GCC_WARN_ABOUT_RETURN_TYPE = YES_ERROR;
				GCC_WARN_UNDECLARED_SELECTOR = YES;
				GCC_WARN_UNINITIALIZED_AUTOS = YES_AGGRESSIVE;
				GCC_WARN_UNUSED_FUNCTION = YES;
				GCC_WARN_UNUSED_VARIABLE = YES;
				MACOSX_DEPLOYMENT_TARGET = 10.12;
				MTL_ENABLE_DEBUG_INFO = YES;
				ONLY_ACTIVE_ARCH = YES;
				SDKROOT = macosx;
				SWIFT_ACTIVE_COMPILATION_CONDITIONS = DEBUG;
				SWIFT_OPTIMIZATION_LEVEL = "-Onone";
			};
			name = Debug;
		};
		A5D6C3EA1F6DFFDD0038A195 /* Release */ = {
			isa = XCBuildConfiguration;
			buildSettings = {
				ALWAYS_SEARCH_USER_PATHS = NO;
				CLANG_ANALYZER_NONNULL = YES;
				CLANG_ANALYZER_NUMBER_OBJECT_CONVERSION = YES_AGGRESSIVE;
				CLANG_CXX_LANGUAGE_STANDARD = "gnu++14";
				CLANG_CXX_LIBRARY = "libc++";
				CLANG_ENABLE_MODULES = YES;
				CLANG_ENABLE_OBJC_ARC = YES;
				CLANG_WARN_BLOCK_CAPTURE_AUTORELEASING = YES;
				CLANG_WARN_BOOL_CONVERSION = YES;
				CLANG_WARN_COMMA = YES;
				CLANG_WARN_CONSTANT_CONVERSION = YES;
				CLANG_WARN_DIRECT_OBJC_ISA_USAGE = YES_ERROR;
				CLANG_WARN_DOCUMENTATION_COMMENTS = YES;
				CLANG_WARN_EMPTY_BODY = YES;
				CLANG_WARN_ENUM_CONVERSION = YES;
				CLANG_WARN_INFINITE_RECURSION = YES;
				CLANG_WARN_INT_CONVERSION = YES;
				CLANG_WARN_NON_LITERAL_NULL_CONVERSION = YES;
				CLANG_WARN_OBJC_LITERAL_CONVERSION = YES;
				CLANG_WARN_OBJC_ROOT_CLASS = YES_ERROR;
				CLANG_WARN_RANGE_LOOP_ANALYSIS = YES;
				CLANG_WARN_STRICT_PROTOTYPES = YES;
				CLANG_WARN_SUSPICIOUS_MOVE = YES;
				CLANG_WARN_UNGUARDED_AVAILABILITY = YES_AGGRESSIVE;
				CLANG_WARN_UNREACHABLE_CODE = YES;
				CLANG_WARN__DUPLICATE_METHOD_MATCH = YES;
				CODE_SIGN_IDENTITY = "Mac Developer";
				COPY_PHASE_STRIP = NO;
				DEBUG_INFORMATION_FORMAT = "dwarf-with-dsym";
				ENABLE_NS_ASSERTIONS = NO;
				ENABLE_STRICT_OBJC_MSGSEND = YES;
				GCC_C_LANGUAGE_STANDARD = gnu11;
				GCC_NO_COMMON_BLOCKS = YES;
				GCC_WARN_64_TO_32_BIT_CONVERSION = YES;
				GCC_WARN_ABOUT_RETURN_TYPE = YES_ERROR;
				GCC_WARN_UNDECLARED_SELECTOR = YES;
				GCC_WARN_UNINITIALIZED_AUTOS = YES_AGGRESSIVE;
				GCC_WARN_UNUSED_FUNCTION = YES;
				GCC_WARN_UNUSED_VARIABLE = YES;
				MACOSX_DEPLOYMENT_TARGET = 10.12;
				MTL_ENABLE_DEBUG_INFO = NO;
				SDKROOT = macosx;
				SWIFT_OPTIMIZATION_LEVEL = "-Owholemodule";
			};
			name = Release;
		};
		A5D6C3EC1F6DFFDD0038A195 /* Debug */ = {
			isa = XCBuildConfiguration;
			buildSettings = {
				ASSETCATALOG_COMPILER_APPICON_NAME = AppIcon;
				COMBINE_HIDPI_IMAGES = YES;
				DEVELOPMENT_TEAM = MPY5N27G6W;
				INFOPLIST_FILE = TabSaver/Info.plist;
				LD_RUNPATH_SEARCH_PATHS = "$(inherited) @executable_path/../Frameworks";
				PRODUCT_BUNDLE_IDENTIFIER = me.hyunchel.TabSaver;
				PRODUCT_NAME = "$(TARGET_NAME)";
				SWIFT_VERSION = 4.0;
			};
			name = Debug;
		};
		A5D6C3ED1F6DFFDD0038A195 /* Release */ = {
			isa = XCBuildConfiguration;
			buildSettings = {
				ASSETCATALOG_COMPILER_APPICON_NAME = AppIcon;
				COMBINE_HIDPI_IMAGES = YES;
				DEVELOPMENT_TEAM = MPY5N27G6W;
				INFOPLIST_FILE = TabSaver/Info.plist;
				LD_RUNPATH_SEARCH_PATHS = "$(inherited) @executable_path/../Frameworks";
				PRODUCT_BUNDLE_IDENTIFIER = me.hyunchel.TabSaver;
				PRODUCT_NAME = "$(TARGET_NAME)";
				SWIFT_VERSION = 4.0;
			};
			name = Release;
		};
/* End XCBuildConfiguration section */

/* Begin XCConfigurationList section */
		A5D6C3D61F6DFFDD0038A195 /* Build configuration list for PBXProject "TabSaver" */ = {
			isa = XCConfigurationList;
			buildConfigurations = (
				A5D6C3E91F6DFFDD0038A195 /* Debug */,
				A5D6C3EA1F6DFFDD0038A195 /* Release */,
			);
			defaultConfigurationIsVisible = 0;
			defaultConfigurationName = Release;
		};
		A5D6C3EB1F6DFFDD0038A195 /* Build configuration list for PBXNativeTarget "TabSaver" */ = {
			isa = XCConfigurationList;
			buildConfigurations = (
				A5D6C3EC1F6DFFDD0038A195 /* Debug */,
				A5D6C3ED1F6DFFDD0038A195 /* Release */,
			);
			defaultConfigurationIsVisible = 0;
			defaultConfigurationName = Release;
		};
/* End XCConfigurationList section */
	};
	rootObject = A5D6C3D31F6DFFDD0038A195 /* Project object */;
}
